
Microsoft Visual Studio Solution File, Format Version 12.00
# Visual Studio Version 16
VisualStudioVersion = 16.0.29409.12
MinimumVisualStudioVersion = 10.0.40219.1
Project("{FAE04EC0-301F-11D3-BF4B-00C04F79EFBC}") = "ConsoleApp", "ConsoleApp.csproj", "{8CB6CC7D-8672-4D20-94ED-A5F706F0BDBA}"
EndProject
Project("{FAE04EC0-301F-11D3-BF4B-00C04F79EFBC}") = "Roll", "Roll\Roll.csproj", "{5C3C1D1A-271E-4B8D-8793-778DEE5C1F66}"
EndProject
Global
	GlobalSection(SolutionConfigurationPlatforms) = preSolution
		Debug|Any CPU = Debug|Any CPU
		Release|Any CPU = Release|Any CPU
	EndGlobalSection
	GlobalSection(ProjectConfigurationPlatforms) = postSolution
		{8CB6CC7D-8672-4D20-94ED-A5F706F0BDBA}.Debug|Any CPU.ActiveCfg = Debug|Any CPU
		{8CB6CC7D-8672-4D20-94ED-A5F706F0BDBA}.Debug|Any CPU.Build.0 = Debug|Any CPU
		{8CB6CC7D-8672-4D20-94ED-A5F706F0BDBA}.Release|Any CPU.ActiveCfg = Release|Any CPU
		{8CB6CC7D-8672-4D20-94ED-A5F706F0BDBA}.Release|Any CPU.Build.0 = Release|Any CPU
		{5C3C1D1A-271E-4B8D-8793-778DEE5C1F66}.Debug|Any CPU.ActiveCfg = Debug|Any CPU
		{5C3C1D1A-271E-4B8D-8793-778DEE5C1F66}.Debug|Any CPU.Build.0 = Debug|Any CPU
		{5C3C1D1A-271E-4B8D-8793-778DEE5C1F66}.Release|Any CPU.ActiveCfg = Release|Any CPU
		{5C3C1D1A-271E-4B8D-8793-778DEE5C1F66}.Release|Any CPU.Build.0 = Release|Any CPU
	EndGlobalSection
	GlobalSection(SolutionProperties) = preSolution
		HideSolutionNode = FALSE
	EndGlobalSection
	GlobalSection(ExtensibilityGlobals) = postSolution
		SolutionGuid = {9735097D-EB32-43D8-8C4E-A03CA3CCBCFD}
	EndGlobalSection
EndGlobal
